# This file is generated by running "yarn install" inside your project.
# Manual changes might be lost - proceed with caution!

__metadata:
  version: 4
  cacheKey: 8

"@skeldjs/hindenburg@link:../..::locator=hbplugin-loadbalancer%40workspace%3A.":
  version: 0.0.0-use.local
  resolution: "@skeldjs/hindenburg@link:../..::locator=hbplugin-loadbalancer%40workspace%3A."
  languageName: node
  linkType: soft

"@types/ioredis@npm:^4.28.2":
  version: 4.28.2
  resolution: "@types/ioredis@npm:4.28.2"
  dependencies:
    "@types/node": "*"
  checksum: d519b48a6c3f2246f2953a10cc3642559da842c4065f7411feefdfb6fe6093f4a49030fb4663481a71fbb4864d0c93ad88c91be67d506070f92f035d98cd2dfc
  languageName: node
  linkType: hard

"@types/node@npm:*":
  version: 16.11.11
  resolution: "@types/node@npm:16.11.11"
  checksum: 1c472bd63f23ca0e4effc96e6e0c693b83b027f613a1f41b6d1bd7791f65ce171a351e0a5c92575cb59e84ad0a930875397bfbbb91a7c925ddbbb558f7461af8
  languageName: node
  linkType: hard

"@types/pidusage@npm:^2.0.1":
  version: 2.0.1
  resolution: "@types/pidusage@npm:2.0.1"
  checksum: 92682bb719cde365bcd6b641e091feadb9081904670408f3819c9ab587e48e5781994fc56d0877e1b896236500a0ab2eaa4bf1ad121b8c07b6fb9f5481e86c38
  languageName: node
  linkType: hard

"@types/uuid@npm:^8.3.3":
  version: 8.3.3
  resolution: "@types/uuid@npm:8.3.3"
  checksum: 3f340155bb1161f9ffa7163926d6222fea8f3505c23619b72bcc230883354926672c08a06510c7a543f73553c792a84444cc1744cff631b4ba988763e4bd7a8f
  languageName: node
  linkType: hard

"ansi-styles@npm:^4.1.0":
  version: 4.3.0
  resolution: "ansi-styles@npm:4.3.0"
  dependencies:
    color-convert: ^2.0.1
  checksum: 513b44c3b2105dd14cc42a19271e80f386466c4be574bccf60b627432f9198571ebf4ab1e4c3ba17347658f4ee1711c163d574248c0c1cdc2d5917a0ad582ec4
  languageName: node
  linkType: hard

"chalk@npm:4.1.2":
  version: 4.1.2
  resolution: "chalk@npm:4.1.2"
  dependencies:
    ansi-styles: ^4.1.0
    supports-color: ^7.1.0
  checksum: fe75c9d5c76a7a98d45495b91b2172fa3b7a09e0cc9370e5c8feb1c567b85c4288e2b3fded7cfdd7359ac28d6b3844feb8b82b8686842e93d23c827c417e83fc
  languageName: node
  linkType: hard

"cluster-key-slot@npm:^1.1.0":
  version: 1.1.0
  resolution: "cluster-key-slot@npm:1.1.0"
  checksum: fc953c75209b1ef9088081bab4e40a0b2586491c974ab93460569c014515ca5a2e31c043f185285e177007162fc353d07836d98f570c171dbe055775430e495b
  languageName: node
  linkType: hard

"color-convert@npm:^2.0.1":
  version: 2.0.1
  resolution: "color-convert@npm:2.0.1"
  dependencies:
    color-name: ~1.1.4
  checksum: 79e6bdb9fd479a205c71d89574fccfb22bd9053bd98c6c4d870d65c132e5e904e6034978e55b43d69fcaa7433af2016ee203ce76eeba9cfa554b373e7f7db336
  languageName: node
  linkType: hard

"color-name@npm:~1.1.4":
  version: 1.1.4
  resolution: "color-name@npm:1.1.4"
  checksum: b0445859521eb4021cd0fb0cc1a75cecf67fceecae89b63f62b201cca8d345baf8b952c966862a9d9a2632987d4f6581f0ec8d957dfacece86f0a7919316f610
  languageName: node
  linkType: hard

"debug@npm:^4.3.1":
  version: 4.3.3
  resolution: "debug@npm:4.3.3"
  dependencies:
    ms: 2.1.2
  peerDependenciesMeta:
    supports-color:
      optional: true
  checksum: 14472d56fe4a94dbcfaa6dbed2dd3849f1d72ba78104a1a328047bb564643ca49df0224c3a17fa63533fd11dd3d4c8636cd861191232a2c6735af00cc2d4de16
  languageName: node
  linkType: hard

"denque@npm:^1.1.0":
  version: 1.5.1
  resolution: "denque@npm:1.5.1"
  checksum: 4375ad19d5cea99f90effa82a8cecdaa10f4eb261fbcd7e47cd753ff2737f037aac8f7f4e031cc77f3966314c491c86a0d3b20c128aeee57f791b4662c45108e
  languageName: node
  linkType: hard

"has-flag@npm:^4.0.0":
  version: 4.0.0
  resolution: "has-flag@npm:4.0.0"
  checksum: 261a1357037ead75e338156b1f9452c016a37dcd3283a972a30d9e4a87441ba372c8b81f818cd0fbcd9c0354b4ae7e18b9e1afa1971164aef6d18c2b6095a8ad
  languageName: node
  linkType: hard

"hbplugin-loadbalancer@workspace:.":
  version: 0.0.0-use.local
  resolution: "hbplugin-loadbalancer@workspace:."
  dependencies:
    "@skeldjs/hindenburg": "link:../.."
    "@types/ioredis": ^4.28.2
    "@types/pidusage": ^2.0.1
    "@types/uuid": ^8.3.3
    chalk: 4.1.2
    ioredis: ^4.28.2
    typescript: ^4.5.2
  languageName: unknown
  linkType: soft

"ioredis@npm:^4.28.2":
  version: 4.28.2
  resolution: "ioredis@npm:4.28.2"
  dependencies:
    cluster-key-slot: ^1.1.0
    debug: ^4.3.1
    denque: ^1.1.0
    lodash.defaults: ^4.2.0
    lodash.flatten: ^4.4.0
    lodash.isarguments: ^3.1.0
    p-map: ^2.1.0
    redis-commands: 1.7.0
    redis-errors: ^1.2.0
    redis-parser: ^3.0.0
    standard-as-callback: ^2.1.0
  checksum: 4d9e5a4707cc918d2c2e161ea430aa06e68d5a513a680e8a315cf2cdea0b65b410a2e7279a04bab6db66aa781af4244acce3df67f560fed198f1f2f1d2c1d609
  languageName: node
  linkType: hard

"lodash.defaults@npm:^4.2.0":
  version: 4.2.0
  resolution: "lodash.defaults@npm:4.2.0"
  checksum: 84923258235592c8886e29de5491946ff8c2ae5c82a7ac5cddd2e3cb697e6fbdfbbb6efcca015795c86eec2bb953a5a2ee4016e3735a3f02720428a40efbb8f1
  languageName: node
  linkType: hard

"lodash.flatten@npm:^4.4.0":
  version: 4.4.0
  resolution: "lodash.flatten@npm:4.4.0"
  checksum: 0ac34a393d4b795d4b7421153d27c13ae67e08786c9cbb60ff5b732210d46f833598eee3fb3844bb10070e8488efe390ea53bb567377e0cb47e9e630bf0811cb
  languageName: node
  linkType: hard

"lodash.isarguments@npm:^3.1.0":
  version: 3.1.0
  resolution: "lodash.isarguments@npm:3.1.0"
  checksum: ae1526f3eb5c61c77944b101b1f655f846ecbedcb9e6b073526eba6890dc0f13f09f72e11ffbf6540b602caee319af9ac363d6cdd6be41f4ee453436f04f13b5
  languageName: node
  linkType: hard

"ms@npm:2.1.2":
  version: 2.1.2
  resolution: "ms@npm:2.1.2"
  checksum: 673cdb2c3133eb050c745908d8ce632ed2c02d85640e2edb3ace856a2266a813b30c613569bf3354fdf4ea7d1a1494add3bfa95e2713baa27d0c2c71fc44f58f
  languageName: node
  linkType: hard

"p-map@npm:^2.1.0":
  version: 2.1.0
  resolution: "p-map@npm:2.1.0"
  checksum: 9e3ad3c9f6d75a5b5661bcad78c91f3a63849189737cd75e4f1225bf9ac205194e5c44aac2ef6f09562b1facdb9bd1425584d7ac375bfaa17b3f1a142dab936d
  languageName: node
  linkType: hard

"redis-commands@npm:1.7.0":
  version: 1.7.0
  resolution: "redis-commands@npm:1.7.0"
  checksum: d1ff7fbcb5e54768c77f731f1d49679d2a62c3899522c28addb4e2e5813aea8bcac3f22519d71d330224c3f2937f935dfc3d8dc65e90db0f5fe22dc2c1515aa7
  languageName: node
  linkType: hard

"redis-errors@npm:^1.0.0, redis-errors@npm:^1.2.0":
  version: 1.2.0
  resolution: "redis-errors@npm:1.2.0"
  checksum: f28ac2692113f6f9c222670735aa58aeae413464fd58ccf3fce3f700cae7262606300840c802c64f2b53f19f65993da24dc918afc277e9e33ac1ff09edb394f4
  languageName: node
  linkType: hard

"redis-parser@npm:^3.0.0":
  version: 3.0.0
  resolution: "redis-parser@npm:3.0.0"
  dependencies:
    redis-errors: ^1.0.0
  checksum: 89290ae530332f2ae37577647fa18208d10308a1a6ba750b9d9a093e7398f5e5253f19855b64c98757f7129cccce958e4af2573fdc33bad41405f87f1943459a
  languageName: node
  linkType: hard

"standard-as-callback@npm:^2.1.0":
  version: 2.1.0
  resolution: "standard-as-callback@npm:2.1.0"
  checksum: 88bec83ee220687c72d94fd86a98d5272c91d37ec64b66d830dbc0d79b62bfa6e47f53b71646011835fc9ce7fae62739545d13124262b53be4fbb3e2ebad551c
  languageName: node
  linkType: hard

"supports-color@npm:^7.1.0":
  version: 7.2.0
  resolution: "supports-color@npm:7.2.0"
  dependencies:
    has-flag: ^4.0.0
  checksum: 3dda818de06ebbe5b9653e07842d9479f3555ebc77e9a0280caf5a14fb877ffee9ed57007c3b78f5a6324b8dbeec648d9e97a24e2ed9fdb81ddc69ea07100f4a
  languageName: node
  linkType: hard

typescript@^4.5.2:
  version: 4.5.2
  resolution: "typescript@npm:4.5.2"
  bin:
    tsc: bin/tsc
    tsserver: bin/tsserver
  checksum: 74f9ce65d532bdf5d0214b3f60cf37992180023388c87a11ee6f838a803067ef0b63c600fa501b0deb07f989257dce1e244c9635ed79feca40bbccf6e0aa1ebc
  languageName: node
  linkType: hard

"typescript@patch:typescript@^4.5.2#~builtin<compat/typescript>":
  version: 4.5.2
  resolution: "typescript@patch:typescript@npm%3A4.5.2#~builtin<compat/typescript>::version=4.5.2&hash=32657b"
  bin:
    tsc: bin/tsc
    tsserver: bin/tsserver
  checksum: 02cf0f190f0cb6d216558d8db9c3a968feeab4965c340a351e5e6e84a42a3946e5e200a9538b6e427af9d17e4f713254dd0707d5fd6f238ce93f0aee1986ab57
  languageName: node
  linkType: hard
